
Microsoft Visual Studio Solution File, Format Version 12.00
# Visual Studio Version 16
VisualStudioVersion = 16.0.32413.511
MinimumVisualStudioVersion = 10.0.40219.1
Project("{FAE04EC0-301F-11D3-BF4B-00C04F79EFBC}") = "Marculator", "Marculator\Marculator.csproj", "{70C2496B-6123-4893-84C7-11503D515FC1}"
EndProject
Global
	GlobalSection(SolutionConfigurationPlatforms) = preSolution
		Debug|Any CPU = Debug|Any CPU
		Release|Any CPU = Release|Any CPU
	EndGlobalSection
	GlobalSection(ProjectConfigurationPlatforms) = postSolution
		{70C2496B-6123-4893-84C7-11503D515FC1}.Debug|Any CPU.ActiveCfg = Debug|Any CPU
		{70C2496B-6123-4893-84C7-11503D515FC1}.Debug|Any CPU.Build.0 = Debug|Any CPU
		{70C2496B-6123-4893-84C7-11503D515FC1}.Release|Any CPU.ActiveCfg = Release|Any CPU
		{70C2496B-6123-4893-84C7-11503D515FC1}.Release|Any CPU.Build.0 = Release|Any CPU
	EndGlobalSection
	GlobalSection(SolutionProperties) = preSolution
		HideSolutionNode = FALSE
	EndGlobalSection
	GlobalSection(ExtensibilityGlobals) = postSolution
		SolutionGuid = {16AD481E-7015-437F-89A1-A878F8787679}
	EndGlobalSection
EndGlobal
